
Microsoft Visual Studio Solution File, Format Version 12.00
# Visual Studio Version 17
VisualStudioVersion = 17.3.32922.545
MinimumVisualStudioVersion = 10.0.40219.1
Project("{FAE04EC0-301F-11D3-BF4B-00C04F79EFBC}") = "iText version 1.05", "iText version 1.05\iText version 1.05.csproj", "{A916463B-8F74-4F0A-816B-65BD4A081B07}"
EndProject
Global
	GlobalSection(SolutionConfigurationPlatforms) = preSolution
		Debug|Any CPU = Debug|Any CPU
		Release|Any CPU = Release|Any CPU
	EndGlobalSection
	GlobalSection(ProjectConfigurationPlatforms) = postSolution
		{A916463B-8F74-4F0A-816B-65BD4A081B07}.Debug|Any CPU.ActiveCfg = Debug|Any CPU
		{A916463B-8F74-4F0A-816B-65BD4A081B07}.Debug|Any CPU.Build.0 = Debug|Any CPU
		{A916463B-8F74-4F0A-816B-65BD4A081B07}.Release|Any CPU.ActiveCfg = Release|Any CPU
		{A916463B-8F74-4F0A-816B-65BD4A081B07}.Release|Any CPU.Build.0 = Release|Any CPU
	EndGlobalSection
	GlobalSection(SolutionProperties) = preSolution
		HideSolutionNode = FALSE
	EndGlobalSection
	GlobalSection(ExtensibilityGlobals) = postSolution
		SolutionGuid = {8C16DA38-10F9-4369-90D1-F3888CD64277}
	EndGlobalSection
EndGlobal
